
Microsoft Visual Studio Solution File, Format Version 12.00
# Visual Studio Version 17
VisualStudioVersion = 17.7.34031.279
MinimumVisualStudioVersion = 10.0.40219.1
Project("{FAE04EC0-301F-11D3-BF4B-00C04F79EFBC}") = "UnklabReservation", "UnklabReservation\UnklabReservation.csproj", "{4FC3AEC3-54D7-44AF-B4A7-0F93479B2E78}"
EndProject
Global
	GlobalSection(SolutionConfigurationPlatforms) = preSolution
		Debug|Any CPU = Debug|Any CPU
		Release|Any CPU = Release|Any CPU
	EndGlobalSection
	GlobalSection(ProjectConfigurationPlatforms) = postSolution
		{4FC3AEC3-54D7-44AF-B4A7-0F93479B2E78}.Debug|Any CPU.ActiveCfg = Debug|Any CPU
		{4FC3AEC3-54D7-44AF-B4A7-0F93479B2E78}.Debug|Any CPU.Build.0 = Debug|Any CPU
		{4FC3AEC3-54D7-44AF-B4A7-0F93479B2E78}.Release|Any CPU.ActiveCfg = Release|Any CPU
		{4FC3AEC3-54D7-44AF-B4A7-0F93479B2E78}.Release|Any CPU.Build.0 = Release|Any CPU
	EndGlobalSection
	GlobalSection(SolutionProperties) = preSolution
		HideSolutionNode = FALSE
	EndGlobalSection
	GlobalSection(ExtensibilityGlobals) = postSolution
		SolutionGuid = {02265101-B2F2-45D4-898B-C553069F4865}
	EndGlobalSection
EndGlobal
